
Microsoft Visual Studio Solution File, Format Version 12.00
# Visual Studio Version 16
VisualStudioVersion = 16.0.30804.86
MinimumVisualStudioVersion = 15.0.26124.0
Project("{9A19103F-16F7-4668-BE54-9A1E7A4F7556}") = "API", "API\API.csproj", "{508D0CB9-BF7A-42EE-9DFD-9E7508B7C4C2}"
EndProject
Project("{FAE04EC0-301F-11D3-BF4B-00C04F79EFBC}") = "client", "client\client.csproj", "{4FC21107-9FEB-4C6E-B9CA-AEEB1072A757}"
EndProject
Global
	GlobalSection(SolutionConfigurationPlatforms) = preSolution
		Debug|Any CPU = Debug|Any CPU
		Debug|x64 = Debug|x64
		Debug|x86 = Debug|x86
		Release|Any CPU = Release|Any CPU
		Release|x64 = Release|x64
		Release|x86 = Release|x86
	EndGlobalSection
	GlobalSection(ProjectConfigurationPlatforms) = postSolution
		{508D0CB9-BF7A-42EE-9DFD-9E7508B7C4C2}.Debug|Any CPU.ActiveCfg = Debug|Any CPU
		{508D0CB9-BF7A-42EE-9DFD-9E7508B7C4C2}.Debug|Any CPU.Build.0 = Debug|Any CPU
		{508D0CB9-BF7A-42EE-9DFD-9E7508B7C4C2}.Debug|x64.ActiveCfg = Debug|Any CPU
		{508D0CB9-BF7A-42EE-9DFD-9E7508B7C4C2}.Debug|x64.Build.0 = Debug|Any CPU
		{508D0CB9-BF7A-42EE-9DFD-9E7508B7C4C2}.Debug|x86.ActiveCfg = Debug|Any CPU
		{508D0CB9-BF7A-42EE-9DFD-9E7508B7C4C2}.Debug|x86.Build.0 = Debug|Any CPU
		{508D0CB9-BF7A-42EE-9DFD-9E7508B7C4C2}.Release|Any CPU.ActiveCfg = Release|Any CPU
		{508D0CB9-BF7A-42EE-9DFD-9E7508B7C4C2}.Release|Any CPU.Build.0 = Release|Any CPU
		{508D0CB9-BF7A-42EE-9DFD-9E7508B7C4C2}.Release|x64.ActiveCfg = Release|Any CPU
		{508D0CB9-BF7A-42EE-9DFD-9E7508B7C4C2}.Release|x64.Build.0 = Release|Any CPU
		{508D0CB9-BF7A-42EE-9DFD-9E7508B7C4C2}.Release|x86.ActiveCfg = Release|Any CPU
		{508D0CB9-BF7A-42EE-9DFD-9E7508B7C4C2}.Release|x86.Build.0 = Release|Any CPU
		{4FC21107-9FEB-4C6E-B9CA-AEEB1072A757}.Debug|Any CPU.ActiveCfg = Debug|Any CPU
		{4FC21107-9FEB-4C6E-B9CA-AEEB1072A757}.Debug|Any CPU.Build.0 = Debug|Any CPU
		{4FC21107-9FEB-4C6E-B9CA-AEEB1072A757}.Debug|x64.ActiveCfg = Debug|Any CPU
		{4FC21107-9FEB-4C6E-B9CA-AEEB1072A757}.Debug|x64.Build.0 = Debug|Any CPU
		{4FC21107-9FEB-4C6E-B9CA-AEEB1072A757}.Debug|x86.ActiveCfg = Debug|Any CPU
		{4FC21107-9FEB-4C6E-B9CA-AEEB1072A757}.Debug|x86.Build.0 = Debug|Any CPU
		{4FC21107-9FEB-4C6E-B9CA-AEEB1072A757}.Release|Any CPU.ActiveCfg = Release|Any CPU
		{4FC21107-9FEB-4C6E-B9CA-AEEB1072A757}.Release|Any CPU.Build.0 = Release|Any CPU
		{4FC21107-9FEB-4C6E-B9CA-AEEB1072A757}.Release|x64.ActiveCfg = Release|Any CPU
		{4FC21107-9FEB-4C6E-B9CA-AEEB1072A757}.Release|x64.Build.0 = Release|Any CPU
		{4FC21107-9FEB-4C6E-B9CA-AEEB1072A757}.Release|x86.ActiveCfg = Release|Any CPU
		{4FC21107-9FEB-4C6E-B9CA-AEEB1072A757}.Release|x86.Build.0 = Release|Any CPU
	EndGlobalSection
	GlobalSection(SolutionProperties) = preSolution
		HideSolutionNode = FALSE
	EndGlobalSection
	GlobalSection(ExtensibilityGlobals) = postSolution
		SolutionGuid = {43BBED60-CABA-4DE3-A4C6-B0944D6083B7}
	EndGlobalSection
EndGlobal
